
Microsoft Visual Studio Solution File, Format Version 12.00
# Visual Studio Version 16
VisualStudioVersion = 16.0.30523.141
MinimumVisualStudioVersion = 10.0.40219.1
Project("{FAE04EC0-301F-11D3-BF4B-00C04F79EFBC}") = "pol3", "pol3\pol3.csproj", "{1669EC9F-AA51-494C-B09D-05459B2740B5}"
EndProject
Global
	GlobalSection(SolutionConfigurationPlatforms) = preSolution
		Debug|Any CPU = Debug|Any CPU
		Release|Any CPU = Release|Any CPU
	EndGlobalSection
	GlobalSection(ProjectConfigurationPlatforms) = postSolution
		{1669EC9F-AA51-494C-B09D-05459B2740B5}.Debug|Any CPU.ActiveCfg = Debug|Any CPU
		{1669EC9F-AA51-494C-B09D-05459B2740B5}.Debug|Any CPU.Build.0 = Debug|Any CPU
		{1669EC9F-AA51-494C-B09D-05459B2740B5}.Release|Any CPU.ActiveCfg = Release|Any CPU
		{1669EC9F-AA51-494C-B09D-05459B2740B5}.Release|Any CPU.Build.0 = Release|Any CPU
	EndGlobalSection
	GlobalSection(SolutionProperties) = preSolution
		HideSolutionNode = FALSE
	EndGlobalSection
	GlobalSection(ExtensibilityGlobals) = postSolution
		SolutionGuid = {2A467519-3D3E-4BBD-A22F-991BB51A88BE}
	EndGlobalSection
EndGlobal
